
Microsoft Visual Studio Solution File, Format Version 12.00
# Visual Studio 2013
VisualStudioVersion = 12.0.31101.0
MinimumVisualStudioVersion = 10.0.40219.1
Project("{FAE04EC0-301F-11D3-BF4B-00C04F79EFBC}") = "SH.Data", "SH.Data\SH.Data.csproj", "{F3EE2FBD-A5D8-45E5-8848-956A81E297C9}"
EndProject
Project("{FAE04EC0-301F-11D3-BF4B-00C04F79EFBC}") = "SH.BO", "SH.BO\SH.BO.csproj", "{671C7329-9A31-48E1-A7FE-FE73534F022B}"
EndProject
Project("{FAE04EC0-301F-11D3-BF4B-00C04F79EFBC}") = "SH.Tester", "SH.Tester\SH.Tester.csproj", "{DB2A56FB-444F-4DC3-975B-08E81A49D357}"
EndProject
Project("{FAE04EC0-301F-11D3-BF4B-00C04F79EFBC}") = "SH.Biz", "SH.Biz\SH.Biz.csproj", "{7B27AF6C-8728-4F9D-ACA7-83E39015CB95}"
EndProject
Project("{FAE04EC0-301F-11D3-BF4B-00C04F79EFBC}") = "SH.Web", "SH.Web\SH.Web.csproj", "{FAC33412-6D5E-4648-84C5-6550F7F9A290}"
EndProject
Project("{FAE04EC0-301F-11D3-BF4B-00C04F79EFBC}") = "SH.Service.Test", "SH.Service.Test\SH.Service.Test.csproj", "{5A2C0C4F-AD5F-472D-A1FC-F4A19272BFB9}"
EndProject
Project("{FAE04EC0-301F-11D3-BF4B-00C04F79EFBC}") = "SH.TelemetrySource", "SH.TelemetrySource\SH.TelemetrySource.csproj", "{29239637-7D57-40CA-AAE1-3254AEAADD66}"
EndProject
Project("{FAE04EC0-301F-11D3-BF4B-00C04F79EFBC}") = "SH.Utils", "SH.Utils\SH.Utils.csproj", "{ADB4E9DB-9946-4079-87D4-68613432DFCE}"
EndProject
Project("{2150E333-8FDC-42A3-9474-1A3956D46DE8}") = "Solution Items", "Solution Items", "{8A6EF570-114C-4632-B445-38E4DAE27C53}"
	ProjectSection(SolutionItems) = preProject
		Работы.txt = Работы.txt
		Сделано.txt = Сделано.txt
	EndProjectSection
EndProject
Project("{FAE04EC0-301F-11D3-BF4B-00C04F79EFBC}") = "SH.Service", "SH.Service\SH.Service.csproj", "{2BD98B34-586A-4207-A759-2D1814998E7A}"
EndProject
Project("{2150E333-8FDC-42A3-9474-1A3956D46DE8}") = "DataBase", "DataBase", "{D21AE2C1-4056-467A-95AB-59976D5E47CA}"
	ProjectSection(SolutionItems) = preProject
		DataBase\Proc.sql = DataBase\Proc.sql
		DataBase\Scheme.sql = DataBase\Scheme.sql
		DataBase\SmartHome.bak = DataBase\SmartHome.bak
	EndProjectSection
EndProject
Project("{2150E333-8FDC-42A3-9474-1A3956D46DE8}") = "Libs", "Libs", "{11A3EE79-9EB0-44FE-B7CC-15F3F1CD16CB}"
	ProjectSection(SolutionItems) = preProject
		Libs\Base.Cls.dll = Libs\Base.Cls.dll
		Libs\Base.Cls.pdb = Libs\Base.Cls.pdb
		Libs\log4net.dll = Libs\log4net.dll
		Libs\log4net.xml = Libs\log4net.xml
		Libs\Microsoft.Web.Infrastructure.dll = Libs\Microsoft.Web.Infrastructure.dll
		Libs\Microsoft.Web.Infrastructure.xml = Libs\Microsoft.Web.Infrastructure.xml
		Libs\Newtonsoft.Json.dll = Libs\Newtonsoft.Json.dll
		Libs\Newtonsoft.Json.xml = Libs\Newtonsoft.Json.xml
		Libs\Srv.Cls.dll = Libs\Srv.Cls.dll
		Libs\Srv.Cls.pdb = Libs\Srv.Cls.pdb
		Libs\Srv.Cls.xml = Libs\Srv.Cls.xml
		Libs\Srv.Config.State.dll = Libs\Srv.Config.State.dll
		Libs\Srv.Config.State.pdb = Libs\Srv.Config.State.pdb
		Libs\Srv.Config.State.xml = Libs\Srv.Config.State.xml
		Libs\Srv.WebService.Cls.dll = Libs\Srv.WebService.Cls.dll
		Libs\Srv.WebService.Cls.pdb = Libs\Srv.WebService.Cls.pdb
		Libs\Srv.WebService.Cls.xml = Libs\Srv.WebService.Cls.xml
		Libs\Stg.Cls.dll = Libs\Stg.Cls.dll
		Libs\Stg.Cls.pdb = Libs\Stg.Cls.pdb
		Libs\Stg.Cls.xml = Libs\Stg.Cls.xml
		Libs\Stg.MongoDB.Cls.XML = Libs\Stg.MongoDB.Cls.XML
		Libs\Stg.MSSQL.Cls.dll = Libs\Stg.MSSQL.Cls.dll
		Libs\Stg.MSSQL.Cls.pdb = Libs\Stg.MSSQL.Cls.pdb
		Libs\Stg.MSSQL.Cls.xml = Libs\Stg.MSSQL.Cls.xml
	EndProjectSection
EndProject
Global
	GlobalSection(SolutionConfigurationPlatforms) = preSolution
		Debug|Any CPU = Debug|Any CPU
		Debug|Mixed Platforms = Debug|Mixed Platforms
		Debug|x86 = Debug|x86
		Release|Any CPU = Release|Any CPU
		Release|Mixed Platforms = Release|Mixed Platforms
		Release|x86 = Release|x86
	EndGlobalSection
	GlobalSection(ProjectConfigurationPlatforms) = postSolution
		{F3EE2FBD-A5D8-45E5-8848-956A81E297C9}.Debug|Any CPU.ActiveCfg = Debug|Any CPU
		{F3EE2FBD-A5D8-45E5-8848-956A81E297C9}.Debug|Any CPU.Build.0 = Debug|Any CPU
		{F3EE2FBD-A5D8-45E5-8848-956A81E297C9}.Debug|Mixed Platforms.ActiveCfg = Debug|Any CPU
		{F3EE2FBD-A5D8-45E5-8848-956A81E297C9}.Debug|Mixed Platforms.Build.0 = Debug|Any CPU
		{F3EE2FBD-A5D8-45E5-8848-956A81E297C9}.Debug|x86.ActiveCfg = Debug|Any CPU
		{F3EE2FBD-A5D8-45E5-8848-956A81E297C9}.Release|Any CPU.ActiveCfg = Release|Any CPU
		{F3EE2FBD-A5D8-45E5-8848-956A81E297C9}.Release|Any CPU.Build.0 = Release|Any CPU
		{F3EE2FBD-A5D8-45E5-8848-956A81E297C9}.Release|Mixed Platforms.ActiveCfg = Release|Any CPU
		{F3EE2FBD-A5D8-45E5-8848-956A81E297C9}.Release|Mixed Platforms.Build.0 = Release|Any CPU
		{F3EE2FBD-A5D8-45E5-8848-956A81E297C9}.Release|x86.ActiveCfg = Release|Any CPU
		{671C7329-9A31-48E1-A7FE-FE73534F022B}.Debug|Any CPU.ActiveCfg = Debug|Any CPU
		{671C7329-9A31-48E1-A7FE-FE73534F022B}.Debug|Any CPU.Build.0 = Debug|Any CPU
		{671C7329-9A31-48E1-A7FE-FE73534F022B}.Debug|Mixed Platforms.ActiveCfg = Debug|Any CPU
		{671C7329-9A31-48E1-A7FE-FE73534F022B}.Debug|Mixed Platforms.Build.0 = Debug|Any CPU
		{671C7329-9A31-48E1-A7FE-FE73534F022B}.Debug|x86.ActiveCfg = Debug|Any CPU
		{671C7329-9A31-48E1-A7FE-FE73534F022B}.Release|Any CPU.ActiveCfg = Release|Any CPU
		{671C7329-9A31-48E1-A7FE-FE73534F022B}.Release|Any CPU.Build.0 = Release|Any CPU
		{671C7329-9A31-48E1-A7FE-FE73534F022B}.Release|Mixed Platforms.ActiveCfg = Release|Any CPU
		{671C7329-9A31-48E1-A7FE-FE73534F022B}.Release|Mixed Platforms.Build.0 = Release|Any CPU
		{671C7329-9A31-48E1-A7FE-FE73534F022B}.Release|x86.ActiveCfg = Release|Any CPU
		{DB2A56FB-444F-4DC3-975B-08E81A49D357}.Debug|Any CPU.ActiveCfg = Debug|Any CPU
		{DB2A56FB-444F-4DC3-975B-08E81A49D357}.Debug|Any CPU.Build.0 = Debug|Any CPU
		{DB2A56FB-444F-4DC3-975B-08E81A49D357}.Debug|Mixed Platforms.ActiveCfg = Debug|Any CPU
		{DB2A56FB-444F-4DC3-975B-08E81A49D357}.Debug|Mixed Platforms.Build.0 = Debug|Any CPU
		{DB2A56FB-444F-4DC3-975B-08E81A49D357}.Debug|x86.ActiveCfg = Debug|Any CPU
		{DB2A56FB-444F-4DC3-975B-08E81A49D357}.Release|Any CPU.ActiveCfg = Release|Any CPU
		{DB2A56FB-444F-4DC3-975B-08E81A49D357}.Release|Any CPU.Build.0 = Release|Any CPU
		{DB2A56FB-444F-4DC3-975B-08E81A49D357}.Release|Mixed Platforms.ActiveCfg = Release|Any CPU
		{DB2A56FB-444F-4DC3-975B-08E81A49D357}.Release|Mixed Platforms.Build.0 = Release|Any CPU
		{DB2A56FB-444F-4DC3-975B-08E81A49D357}.Release|x86.ActiveCfg = Release|Any CPU
		{7B27AF6C-8728-4F9D-ACA7-83E39015CB95}.Debug|Any CPU.ActiveCfg = Debug|Any CPU
		{7B27AF6C-8728-4F9D-ACA7-83E39015CB95}.Debug|Any CPU.Build.0 = Debug|Any CPU
		{7B27AF6C-8728-4F9D-ACA7-83E39015CB95}.Debug|Mixed Platforms.ActiveCfg = Debug|Any CPU
		{7B27AF6C-8728-4F9D-ACA7-83E39015CB95}.Debug|Mixed Platforms.Build.0 = Debug|Any CPU
		{7B27AF6C-8728-4F9D-ACA7-83E39015CB95}.Debug|x86.ActiveCfg = Debug|Any CPU
		{7B27AF6C-8728-4F9D-ACA7-83E39015CB95}.Release|Any CPU.ActiveCfg = Release|Any CPU
		{7B27AF6C-8728-4F9D-ACA7-83E39015CB95}.Release|Any CPU.Build.0 = Release|Any CPU
		{7B27AF6C-8728-4F9D-ACA7-83E39015CB95}.Release|Mixed Platforms.ActiveCfg = Release|Any CPU
		{7B27AF6C-8728-4F9D-ACA7-83E39015CB95}.Release|Mixed Platforms.Build.0 = Release|Any CPU
		{7B27AF6C-8728-4F9D-ACA7-83E39015CB95}.Release|x86.ActiveCfg = Release|Any CPU
		{FAC33412-6D5E-4648-84C5-6550F7F9A290}.Debug|Any CPU.ActiveCfg = Debug|Any CPU
		{FAC33412-6D5E-4648-84C5-6550F7F9A290}.Debug|Any CPU.Build.0 = Debug|Any CPU
		{FAC33412-6D5E-4648-84C5-6550F7F9A290}.Debug|Mixed Platforms.ActiveCfg = Debug|Any CPU
		{FAC33412-6D5E-4648-84C5-6550F7F9A290}.Debug|Mixed Platforms.Build.0 = Debug|Any CPU
		{FAC33412-6D5E-4648-84C5-6550F7F9A290}.Debug|x86.ActiveCfg = Debug|Any CPU
		{FAC33412-6D5E-4648-84C5-6550F7F9A290}.Release|Any CPU.ActiveCfg = Release|Any CPU
		{FAC33412-6D5E-4648-84C5-6550F7F9A290}.Release|Any CPU.Build.0 = Release|Any CPU
		{FAC33412-6D5E-4648-84C5-6550F7F9A290}.Release|Mixed Platforms.ActiveCfg = Release|Any CPU
		{FAC33412-6D5E-4648-84C5-6550F7F9A290}.Release|Mixed Platforms.Build.0 = Release|Any CPU
		{FAC33412-6D5E-4648-84C5-6550F7F9A290}.Release|x86.ActiveCfg = Release|Any CPU
		{5A2C0C4F-AD5F-472D-A1FC-F4A19272BFB9}.Debug|Any CPU.ActiveCfg = Debug|x86
		{5A2C0C4F-AD5F-472D-A1FC-F4A19272BFB9}.Debug|Mixed Platforms.ActiveCfg = Debug|x86
		{5A2C0C4F-AD5F-472D-A1FC-F4A19272BFB9}.Debug|Mixed Platforms.Build.0 = Debug|x86
		{5A2C0C4F-AD5F-472D-A1FC-F4A19272BFB9}.Debug|x86.ActiveCfg = Debug|x86
		{5A2C0C4F-AD5F-472D-A1FC-F4A19272BFB9}.Debug|x86.Build.0 = Debug|x86
		{5A2C0C4F-AD5F-472D-A1FC-F4A19272BFB9}.Release|Any CPU.ActiveCfg = Release|x86
		{5A2C0C4F-AD5F-472D-A1FC-F4A19272BFB9}.Release|Mixed Platforms.ActiveCfg = Release|x86
		{5A2C0C4F-AD5F-472D-A1FC-F4A19272BFB9}.Release|Mixed Platforms.Build.0 = Release|x86
		{5A2C0C4F-AD5F-472D-A1FC-F4A19272BFB9}.Release|x86.ActiveCfg = Release|x86
		{5A2C0C4F-AD5F-472D-A1FC-F4A19272BFB9}.Release|x86.Build.0 = Release|x86
		{29239637-7D57-40CA-AAE1-3254AEAADD66}.Debug|Any CPU.ActiveCfg = Debug|Any CPU
		{29239637-7D57-40CA-AAE1-3254AEAADD66}.Debug|Any CPU.Build.0 = Debug|Any CPU
		{29239637-7D57-40CA-AAE1-3254AEAADD66}.Debug|Mixed Platforms.ActiveCfg = Debug|Any CPU
		{29239637-7D57-40CA-AAE1-3254AEAADD66}.Debug|Mixed Platforms.Build.0 = Debug|Any CPU
		{29239637-7D57-40CA-AAE1-3254AEAADD66}.Debug|x86.ActiveCfg = Debug|Any CPU
		{29239637-7D57-40CA-AAE1-3254AEAADD66}.Release|Any CPU.ActiveCfg = Release|Any CPU
		{29239637-7D57-40CA-AAE1-3254AEAADD66}.Release|Any CPU.Build.0 = Release|Any CPU
		{29239637-7D57-40CA-AAE1-3254AEAADD66}.Release|Mixed Platforms.ActiveCfg = Release|Any CPU
		{29239637-7D57-40CA-AAE1-3254AEAADD66}.Release|Mixed Platforms.Build.0 = Release|Any CPU
		{29239637-7D57-40CA-AAE1-3254AEAADD66}.Release|x86.ActiveCfg = Release|Any CPU
		{ADB4E9DB-9946-4079-87D4-68613432DFCE}.Debug|Any CPU.ActiveCfg = Debug|Any CPU
		{ADB4E9DB-9946-4079-87D4-68613432DFCE}.Debug|Any CPU.Build.0 = Debug|Any CPU
		{ADB4E9DB-9946-4079-87D4-68613432DFCE}.Debug|Mixed Platforms.ActiveCfg = Debug|Any CPU
		{ADB4E9DB-9946-4079-87D4-68613432DFCE}.Debug|Mixed Platforms.Build.0 = Debug|Any CPU
		{ADB4E9DB-9946-4079-87D4-68613432DFCE}.Debug|x86.ActiveCfg = Debug|Any CPU
		{ADB4E9DB-9946-4079-87D4-68613432DFCE}.Release|Any CPU.ActiveCfg = Release|Any CPU
		{ADB4E9DB-9946-4079-87D4-68613432DFCE}.Release|Any CPU.Build.0 = Release|Any CPU
		{ADB4E9DB-9946-4079-87D4-68613432DFCE}.Release|Mixed Platforms.ActiveCfg = Release|Any CPU
		{ADB4E9DB-9946-4079-87D4-68613432DFCE}.Release|Mixed Platforms.Build.0 = Release|Any CPU
		{ADB4E9DB-9946-4079-87D4-68613432DFCE}.Release|x86.ActiveCfg = Release|Any CPU
		{2BD98B34-586A-4207-A759-2D1814998E7A}.Debug|Any CPU.ActiveCfg = Debug|x86
		{2BD98B34-586A-4207-A759-2D1814998E7A}.Debug|Mixed Platforms.ActiveCfg = Debug|x86
		{2BD98B34-586A-4207-A759-2D1814998E7A}.Debug|Mixed Platforms.Build.0 = Debug|x86
		{2BD98B34-586A-4207-A759-2D1814998E7A}.Debug|x86.ActiveCfg = Debug|x86
		{2BD98B34-586A-4207-A759-2D1814998E7A}.Debug|x86.Build.0 = Debug|x86
		{2BD98B34-586A-4207-A759-2D1814998E7A}.Release|Any CPU.ActiveCfg = Release|x86
		{2BD98B34-586A-4207-A759-2D1814998E7A}.Release|Mixed Platforms.ActiveCfg = Release|x86
		{2BD98B34-586A-4207-A759-2D1814998E7A}.Release|Mixed Platforms.Build.0 = Release|x86
		{2BD98B34-586A-4207-A759-2D1814998E7A}.Release|x86.ActiveCfg = Release|x86
		{2BD98B34-586A-4207-A759-2D1814998E7A}.Release|x86.Build.0 = Release|x86
	EndGlobalSection
	GlobalSection(SolutionProperties) = preSolution
		HideSolutionNode = FALSE
	EndGlobalSection
EndGlobal
